
Microsoft Visual Studio Solution File, Format Version 12.00
# Visual Studio Version 16
VisualStudioVersion = 16.0.29418.71
MinimumVisualStudioVersion = 10.0.40219.1
Project("{FAE04EC0-301F-11D3-BF4B-00C04F79EFBC}") = "Lab06", "Lab06.csproj", "{6DF4201E-419D-468D-8170-192D716D4908}"
EndProject
Global
	GlobalSection(SolutionConfigurationPlatforms) = preSolution
		Debug|Any CPU = Debug|Any CPU
		Release|Any CPU = Release|Any CPU
	EndGlobalSection
	GlobalSection(ProjectConfigurationPlatforms) = postSolution
		{6DF4201E-419D-468D-8170-192D716D4908}.Debug|Any CPU.ActiveCfg = Debug|Any CPU
		{6DF4201E-419D-468D-8170-192D716D4908}.Debug|Any CPU.Build.0 = Debug|Any CPU
		{6DF4201E-419D-468D-8170-192D716D4908}.Release|Any CPU.ActiveCfg = Release|Any CPU
		{6DF4201E-419D-468D-8170-192D716D4908}.Release|Any CPU.Build.0 = Release|Any CPU
	EndGlobalSection
	GlobalSection(SolutionProperties) = preSolution
		HideSolutionNode = FALSE
	EndGlobalSection
	GlobalSection(ExtensibilityGlobals) = postSolution
		SolutionGuid = {14963ED1-835C-4D22-8841-081C58073660}
	EndGlobalSection
EndGlobal
